
Microsoft Visual Studio Solution File, Format Version 12.00
# Visual Studio 14
VisualStudioVersion = 14.0.25420.1
MinimumVisualStudioVersion = 10.0.40219.1
Project("{FAE04EC0-301F-11D3-BF4B-00C04F79EFBC}") = "Test", "Test\Test.csproj", "{A42B494F-3A48-4DF5-87C9-AFEF4B04B158}"
EndProject
Project("{FAE04EC0-301F-11D3-BF4B-00C04F79EFBC}") = "DAL", "DAL\DAL.csproj", "{78912FFE-2DCE-49E0-A286-FB35C555F309}"
EndProject
Project("{FAE04EC0-301F-11D3-BF4B-00C04F79EFBC}") = "BisnessLogic", "BisnessLogic\BisnessLogic.csproj", "{231ADF97-07FF-49CD-A590-DB59700E90BA}"
EndProject
Project("{FAE04EC0-301F-11D3-BF4B-00C04F79EFBC}") = "Connection", "Connection\Connection.csproj", "{72B987AB-DDC8-419D-9836-B50BD6EDFEED}"
EndProject
Global
	GlobalSection(SolutionConfigurationPlatforms) = preSolution
		Debug|Any CPU = Debug|Any CPU
		Release|Any CPU = Release|Any CPU
	EndGlobalSection
	GlobalSection(ProjectConfigurationPlatforms) = postSolution
		{A42B494F-3A48-4DF5-87C9-AFEF4B04B158}.Debug|Any CPU.ActiveCfg = Debug|Any CPU
		{A42B494F-3A48-4DF5-87C9-AFEF4B04B158}.Debug|Any CPU.Build.0 = Debug|Any CPU
		{A42B494F-3A48-4DF5-87C9-AFEF4B04B158}.Release|Any CPU.ActiveCfg = Release|Any CPU
		{A42B494F-3A48-4DF5-87C9-AFEF4B04B158}.Release|Any CPU.Build.0 = Release|Any CPU
		{78912FFE-2DCE-49E0-A286-FB35C555F309}.Debug|Any CPU.ActiveCfg = Debug|Any CPU
		{78912FFE-2DCE-49E0-A286-FB35C555F309}.Debug|Any CPU.Build.0 = Debug|Any CPU
		{78912FFE-2DCE-49E0-A286-FB35C555F309}.Release|Any CPU.ActiveCfg = Release|Any CPU
		{78912FFE-2DCE-49E0-A286-FB35C555F309}.Release|Any CPU.Build.0 = Release|Any CPU
		{231ADF97-07FF-49CD-A590-DB59700E90BA}.Debug|Any CPU.ActiveCfg = Debug|Any CPU
		{231ADF97-07FF-49CD-A590-DB59700E90BA}.Debug|Any CPU.Build.0 = Debug|Any CPU
		{231ADF97-07FF-49CD-A590-DB59700E90BA}.Release|Any CPU.ActiveCfg = Release|Any CPU
		{231ADF97-07FF-49CD-A590-DB59700E90BA}.Release|Any CPU.Build.0 = Release|Any CPU
		{72B987AB-DDC8-419D-9836-B50BD6EDFEED}.Debug|Any CPU.ActiveCfg = Debug|Any CPU
		{72B987AB-DDC8-419D-9836-B50BD6EDFEED}.Debug|Any CPU.Build.0 = Debug|Any CPU
		{72B987AB-DDC8-419D-9836-B50BD6EDFEED}.Release|Any CPU.ActiveCfg = Release|Any CPU
		{72B987AB-DDC8-419D-9836-B50BD6EDFEED}.Release|Any CPU.Build.0 = Release|Any CPU
	EndGlobalSection
	GlobalSection(SolutionProperties) = preSolution
		HideSolutionNode = FALSE
	EndGlobalSection
EndGlobal
